
Microsoft Visual Studio Solution File, Format Version 12.00
# Visual Studio 2013
VisualStudioVersion = 12.0.31101.0
MinimumVisualStudioVersion = 10.0.40219.1
Project("{FAE04EC0-301F-11D3-BF4B-00C04F79EFBC}") = "Application", "Application\Application.csproj", "{EEA65358-8104-4248-B1B8-4CD2D774DA96}"
EndProject
Project("{FAE04EC0-301F-11D3-BF4B-00C04F79EFBC}") = "Domain", "Domain\Domain.csproj", "{B99D1A1B-EAA6-4238-9062-AAD0CDD2740B}"
EndProject
Project("{FAE04EC0-301F-11D3-BF4B-00C04F79EFBC}") = "Reports", "Reports\Reports.csproj", "{3B81ACA6-A4B2-4723-8392-993F16B38C6F}"
EndProject
Project("{FAE04EC0-301F-11D3-BF4B-00C04F79EFBC}") = "Data", "Data\Data.csproj", "{F0BD5727-FDBF-4BB0-B406-84BE1A323DDC}"
EndProject
Project("{FAE04EC0-301F-11D3-BF4B-00C04F79EFBC}") = "StartTestAutomation", "StartTestAutomation\StartTestAutomation.csproj", "{540AC998-2128-4AF7-96F9-FC7B08FA6EC2}"
EndProject
Project("{FAE04EC0-301F-11D3-BF4B-00C04F79EFBC}") = "Dependency", "Dependency\Dependency.csproj", "{AB710729-E63C-441B-8C5C-165AB07FED8A}"
EndProject
Project("{FAE04EC0-301F-11D3-BF4B-00C04F79EFBC}") = "Presentation", "Presentation\Presentation.csproj", "{D7E8FA9E-857A-4C4E-B25B-5C5E50BAC0C8}"
EndProject
Global
	GlobalSection(SolutionConfigurationPlatforms) = preSolution
		Debug|Any CPU = Debug|Any CPU
		Release|Any CPU = Release|Any CPU
	EndGlobalSection
	GlobalSection(ProjectConfigurationPlatforms) = postSolution
		{EEA65358-8104-4248-B1B8-4CD2D774DA96}.Debug|Any CPU.ActiveCfg = Debug|Any CPU
		{EEA65358-8104-4248-B1B8-4CD2D774DA96}.Debug|Any CPU.Build.0 = Debug|Any CPU
		{EEA65358-8104-4248-B1B8-4CD2D774DA96}.Release|Any CPU.ActiveCfg = Release|Any CPU
		{EEA65358-8104-4248-B1B8-4CD2D774DA96}.Release|Any CPU.Build.0 = Release|Any CPU
		{B99D1A1B-EAA6-4238-9062-AAD0CDD2740B}.Debug|Any CPU.ActiveCfg = Debug|Any CPU
		{B99D1A1B-EAA6-4238-9062-AAD0CDD2740B}.Debug|Any CPU.Build.0 = Debug|Any CPU
		{B99D1A1B-EAA6-4238-9062-AAD0CDD2740B}.Release|Any CPU.ActiveCfg = Release|Any CPU
		{B99D1A1B-EAA6-4238-9062-AAD0CDD2740B}.Release|Any CPU.Build.0 = Release|Any CPU
		{3B81ACA6-A4B2-4723-8392-993F16B38C6F}.Debug|Any CPU.ActiveCfg = Debug|Any CPU
		{3B81ACA6-A4B2-4723-8392-993F16B38C6F}.Debug|Any CPU.Build.0 = Debug|Any CPU
		{3B81ACA6-A4B2-4723-8392-993F16B38C6F}.Release|Any CPU.ActiveCfg = Release|Any CPU
		{3B81ACA6-A4B2-4723-8392-993F16B38C6F}.Release|Any CPU.Build.0 = Release|Any CPU
		{F0BD5727-FDBF-4BB0-B406-84BE1A323DDC}.Debug|Any CPU.ActiveCfg = Debug|Any CPU
		{F0BD5727-FDBF-4BB0-B406-84BE1A323DDC}.Debug|Any CPU.Build.0 = Debug|Any CPU
		{F0BD5727-FDBF-4BB0-B406-84BE1A323DDC}.Release|Any CPU.ActiveCfg = Release|Any CPU
		{F0BD5727-FDBF-4BB0-B406-84BE1A323DDC}.Release|Any CPU.Build.0 = Release|Any CPU
		{540AC998-2128-4AF7-96F9-FC7B08FA6EC2}.Debug|Any CPU.ActiveCfg = Debug|Any CPU
		{540AC998-2128-4AF7-96F9-FC7B08FA6EC2}.Debug|Any CPU.Build.0 = Debug|Any CPU
		{540AC998-2128-4AF7-96F9-FC7B08FA6EC2}.Release|Any CPU.ActiveCfg = Release|Any CPU
		{540AC998-2128-4AF7-96F9-FC7B08FA6EC2}.Release|Any CPU.Build.0 = Release|Any CPU
		{540AC998-2128-4AF7-96F9-FC7B08FA6EC2}.Release|Any CPU.Deploy.0 = Release|Any CPU
		{AB710729-E63C-441B-8C5C-165AB07FED8A}.Debug|Any CPU.ActiveCfg = Debug|Any CPU
		{AB710729-E63C-441B-8C5C-165AB07FED8A}.Debug|Any CPU.Build.0 = Debug|Any CPU
		{AB710729-E63C-441B-8C5C-165AB07FED8A}.Release|Any CPU.ActiveCfg = Release|Any CPU
		{AB710729-E63C-441B-8C5C-165AB07FED8A}.Release|Any CPU.Build.0 = Release|Any CPU
		{D7E8FA9E-857A-4C4E-B25B-5C5E50BAC0C8}.Debug|Any CPU.ActiveCfg = Debug|Any CPU
		{D7E8FA9E-857A-4C4E-B25B-5C5E50BAC0C8}.Debug|Any CPU.Build.0 = Debug|Any CPU
		{D7E8FA9E-857A-4C4E-B25B-5C5E50BAC0C8}.Release|Any CPU.ActiveCfg = Release|Any CPU
		{D7E8FA9E-857A-4C4E-B25B-5C5E50BAC0C8}.Release|Any CPU.Build.0 = Release|Any CPU
	EndGlobalSection
	GlobalSection(SolutionProperties) = preSolution
		HideSolutionNode = FALSE
	EndGlobalSection
EndGlobal
